
Microsoft Visual Studio Solution File, Format Version 12.00
# Visual Studio Version 17
VisualStudioVersion = 17.13.35931.197 d17.13
MinimumVisualStudioVersion = 10.0.40219.1
Project("{FAE04EC0-301F-11D3-BF4B-00C04F79EFBC}") = "Lab05Lib", "Lab05Lib\Lab05Lib.csproj", "{7F6E30C4-66CD-49B7-A5D2-A1ABD0C4A72E}"
EndProject
Project("{FAE04EC0-301F-11D3-BF4B-00C04F79EFBC}") = "Lab05App", "Lab05App\Lab05App.csproj", "{C21145D9-835C-4A05-B04E-77CEACE30B86}"
EndProject
Global
	GlobalSection(SolutionConfigurationPlatforms) = preSolution
		Debug|Any CPU = Debug|Any CPU
		Release|Any CPU = Release|Any CPU
	EndGlobalSection
	GlobalSection(ProjectConfigurationPlatforms) = postSolution
		{7F6E30C4-66CD-49B7-A5D2-A1ABD0C4A72E}.Debug|Any CPU.ActiveCfg = Debug|Any CPU
		{7F6E30C4-66CD-49B7-A5D2-A1ABD0C4A72E}.Debug|Any CPU.Build.0 = Debug|Any CPU
		{7F6E30C4-66CD-49B7-A5D2-A1ABD0C4A72E}.Release|Any CPU.ActiveCfg = Release|Any CPU
		{7F6E30C4-66CD-49B7-A5D2-A1ABD0C4A72E}.Release|Any CPU.Build.0 = Release|Any CPU
		{C21145D9-835C-4A05-B04E-77CEACE30B86}.Debug|Any CPU.ActiveCfg = Debug|Any CPU
		{C21145D9-835C-4A05-B04E-77CEACE30B86}.Debug|Any CPU.Build.0 = Debug|Any CPU
		{C21145D9-835C-4A05-B04E-77CEACE30B86}.Release|Any CPU.ActiveCfg = Release|Any CPU
		{C21145D9-835C-4A05-B04E-77CEACE30B86}.Release|Any CPU.Build.0 = Release|Any CPU
	EndGlobalSection
	GlobalSection(SolutionProperties) = preSolution
		HideSolutionNode = FALSE
	EndGlobalSection
	GlobalSection(ExtensibilityGlobals) = postSolution
		SolutionGuid = {0C529FC9-5F86-4E28-85CE-7F35B606FF95}
	EndGlobalSection
EndGlobal
